
Microsoft Visual Studio Solution File, Format Version 12.00
# Visual Studio Version 17
VisualStudioVersion = 17.2.32519.379
MinimumVisualStudioVersion = 10.0.40219.1
Project("{2150E333-8FDC-42A3-9474-1A3956D46DE8}") = "Services", "Services", "{BF5B2EE7-9C87-4FFC-AEB8-B53A077E71DC}"
EndProject
Project("{2150E333-8FDC-42A3-9474-1A3956D46DE8}") = "Catalog", "Catalog", "{29B52E42-49A0-4866-B436-4237DEA97ACF}"
EndProject
Project("{9A19103F-16F7-4668-BE54-9A1E7A4F7556}") = "Catalog.API", "Services\Catalog\Catalog.API\Catalog.API.csproj", "{C0B78F89-05B7-433C-9D2A-05A797863989}"
EndProject
Project("{E53339B2-1760-4266-BCC7-CA923CBCF16C}") = "docker-compose", "docker-compose.dcproj", "{1F5648B0-8D6F-4F0D-BD4F-2B80D6322018}"
EndProject
Global
	GlobalSection(SolutionConfigurationPlatforms) = preSolution
		Debug|Any CPU = Debug|Any CPU
		Release|Any CPU = Release|Any CPU
	EndGlobalSection
	GlobalSection(ProjectConfigurationPlatforms) = postSolution
		{C0B78F89-05B7-433C-9D2A-05A797863989}.Debug|Any CPU.ActiveCfg = Debug|Any CPU
		{C0B78F89-05B7-433C-9D2A-05A797863989}.Debug|Any CPU.Build.0 = Debug|Any CPU
		{C0B78F89-05B7-433C-9D2A-05A797863989}.Release|Any CPU.ActiveCfg = Release|Any CPU
		{C0B78F89-05B7-433C-9D2A-05A797863989}.Release|Any CPU.Build.0 = Release|Any CPU
		{1F5648B0-8D6F-4F0D-BD4F-2B80D6322018}.Debug|Any CPU.ActiveCfg = Debug|Any CPU
		{1F5648B0-8D6F-4F0D-BD4F-2B80D6322018}.Debug|Any CPU.Build.0 = Debug|Any CPU
		{1F5648B0-8D6F-4F0D-BD4F-2B80D6322018}.Release|Any CPU.ActiveCfg = Release|Any CPU
		{1F5648B0-8D6F-4F0D-BD4F-2B80D6322018}.Release|Any CPU.Build.0 = Release|Any CPU
	EndGlobalSection
	GlobalSection(SolutionProperties) = preSolution
		HideSolutionNode = FALSE
	EndGlobalSection
	GlobalSection(NestedProjects) = preSolution
		{29B52E42-49A0-4866-B436-4237DEA97ACF} = {BF5B2EE7-9C87-4FFC-AEB8-B53A077E71DC}
		{C0B78F89-05B7-433C-9D2A-05A797863989} = {29B52E42-49A0-4866-B436-4237DEA97ACF}
	EndGlobalSection
	GlobalSection(ExtensibilityGlobals) = postSolution
		SolutionGuid = {2548C57A-A279-4629-B898-7EDA1E90AC03}
	EndGlobalSection
EndGlobal
